
Microsoft Visual Studio Solution File, Format Version 12.00
# Visual Studio Version 16
VisualStudioVersion = 16.0.31515.178
MinimumVisualStudioVersion = 10.0.40219.1
Project("{FAE04EC0-301F-11D3-BF4B-00C04F79EFBC}") = "Keywords", "Keywords\Keywords.csproj", "{6CCEF8BD-09F6-406A-8C1A-87F10F75314B}"
EndProject
Project("{FAE04EC0-301F-11D3-BF4B-00C04F79EFBC}") = "ReturnOrnek", "ReturnOrnek\ReturnOrnek.csproj", "{7CD91A4E-0B8E-49D6-AA3F-461624B30970}"
EndProject
Global
	GlobalSection(SolutionConfigurationPlatforms) = preSolution
		Debug|Any CPU = Debug|Any CPU
		Release|Any CPU = Release|Any CPU
	EndGlobalSection
	GlobalSection(ProjectConfigurationPlatforms) = postSolution
		{6CCEF8BD-09F6-406A-8C1A-87F10F75314B}.Debug|Any CPU.ActiveCfg = Debug|Any CPU
		{6CCEF8BD-09F6-406A-8C1A-87F10F75314B}.Debug|Any CPU.Build.0 = Debug|Any CPU
		{6CCEF8BD-09F6-406A-8C1A-87F10F75314B}.Release|Any CPU.ActiveCfg = Release|Any CPU
		{6CCEF8BD-09F6-406A-8C1A-87F10F75314B}.Release|Any CPU.Build.0 = Release|Any CPU
		{7CD91A4E-0B8E-49D6-AA3F-461624B30970}.Debug|Any CPU.ActiveCfg = Debug|Any CPU
		{7CD91A4E-0B8E-49D6-AA3F-461624B30970}.Debug|Any CPU.Build.0 = Debug|Any CPU
		{7CD91A4E-0B8E-49D6-AA3F-461624B30970}.Release|Any CPU.ActiveCfg = Release|Any CPU
		{7CD91A4E-0B8E-49D6-AA3F-461624B30970}.Release|Any CPU.Build.0 = Release|Any CPU
	EndGlobalSection
	GlobalSection(SolutionProperties) = preSolution
		HideSolutionNode = FALSE
	EndGlobalSection
	GlobalSection(ExtensibilityGlobals) = postSolution
		SolutionGuid = {A8C18504-4035-4E4D-BB23-0CD61AF7E935}
	EndGlobalSection
EndGlobal
